
Microsoft Visual Studio Solution File, Format Version 12.00
# Visual Studio Version 17
VisualStudioVersion = 17.3.32922.545
MinimumVisualStudioVersion = 10.0.40219.1
Project("{FAE04EC0-301F-11D3-BF4B-00C04F79EFBC}") = "AE-CommerceApi", "AE-CommerceApi.csproj", "{4C309880-493E-4E59-A0ED-3455DED163EF}"
EndProject
Global
	GlobalSection(SolutionConfigurationPlatforms) = preSolution
		Debug|Any CPU = Debug|Any CPU
		Release|Any CPU = Release|Any CPU
	EndGlobalSection
	GlobalSection(ProjectConfigurationPlatforms) = postSolution
		{4C309880-493E-4E59-A0ED-3455DED163EF}.Debug|Any CPU.ActiveCfg = Debug|Any CPU
		{4C309880-493E-4E59-A0ED-3455DED163EF}.Debug|Any CPU.Build.0 = Debug|Any CPU
		{4C309880-493E-4E59-A0ED-3455DED163EF}.Release|Any CPU.ActiveCfg = Release|Any CPU
		{4C309880-493E-4E59-A0ED-3455DED163EF}.Release|Any CPU.Build.0 = Release|Any CPU
	EndGlobalSection
	GlobalSection(SolutionProperties) = preSolution
		HideSolutionNode = FALSE
	EndGlobalSection
	GlobalSection(ExtensibilityGlobals) = postSolution
		SolutionGuid = {5CDEE3AB-7ED8-4C1D-B70C-636FE1F71557}
	EndGlobalSection
EndGlobal
